// !$*UTF8*$!
{
	archiveVersion = 1;
	classes = {
	};
	objectVersion = 50;
	objects = {

/* Begin PBXBuildFile section */
		AD306A5125B656BF00CD8A45 /* Assets.xcassets in Resources */ = {isa = PBXBuildFile; fileRef = AD306A5025B656BF00CD8A45 /* Assets.xcassets */; };
		AD306A5425B656BF00CD8A45 /* Preview Assets.xcassets in Resources */ = {isa = PBXBuildFile; fileRef = AD306A5325B656BF00CD8A45 /* Preview Assets.xcassets */; };
		AD306A5D25B6581700CD8A45 /* AppDelegate.swift in Sources */ = {isa = PBXBuildFile; fileRef = AD306A5C25B6581700CD8A45 /* AppDelegate.swift */; };
		AD306A6025B6583E00CD8A45 /* FeedViewController.swift in Sources */ = {isa = PBXBuildFile; fileRef = AD306A5F25B6583E00CD8A45 /* FeedViewController.swift */; };
		AD306A6325B6588B00CD8A45 /* FeedViewModel.swift in Sources */ = {isa = PBXBuildFile; fileRef = AD306A6225B6588B00CD8A45 /* FeedViewModel.swift */; };
		AD306A6925B6594E00CD8A45 /* FeedCollectionViewManager.swift in Sources */ = {isa = PBXBuildFile; fileRef = AD306A6825B6594E00CD8A45 /* FeedCollectionViewManager.swift */; };
		AD306A6C25B6598400CD8A45 /* FeedCellViewModel.swift in Sources */ = {isa = PBXBuildFile; fileRef = AD306A6B25B6598400CD8A45 /* FeedCellViewModel.swift */; };
		AD306AA825B660D200CD8A45 /* GatherService.swift in Sources */ = {isa = PBXBuildFile; fileRef = AD306AA725B660D200CD8A45 /* GatherService.swift */; };
		AD306AAB25B6630F00CD8A45 /* Feed.swift in Sources */ = {isa = PBXBuildFile; fileRef = AD306AAA25B6630F00CD8A45 /* Feed.swift */; };
		AD306AAE25B6643500CD8A45 /* assignment.json in Resources */ = {isa = PBXBuildFile; fileRef = AD306AAD25B6643500CD8A45 /* assignment.json */; };
		AD306ACC25B7825900CD8A45 /* FeedCollectionViewCell.swift in Sources */ = {isa = PBXBuildFile; fileRef = AD306ACA25B7825900CD8A45 /* FeedCollectionViewCell.swift */; };
		AD306ACD25B7825900CD8A45 /* FeedCollectionViewCell.xib in Resources */ = {isa = PBXBuildFile; fileRef = AD306ACB25B7825900CD8A45 /* FeedCollectionViewCell.xib */; };
		AD306AD025B7886900CD8A45 /* realFeed.swift in Sources */ = {isa = PBXBuildFile; fileRef = AD306ACF25B7886800CD8A45 /* realFeed.swift */; };
		AD306AD325B7DD5D00CD8A45 /* Utilities.swift in Sources */ = {isa = PBXBuildFile; fileRef = AD306AD225B7DD5D00CD8A45 /* Utilities.swift */; };
		AD306ADB25B95E7800CD8A45 /* FeedCellHeaderCell.swift in Sources */ = {isa = PBXBuildFile; fileRef = AD306ADA25B95E7800CD8A45 /* FeedCellHeaderCell.swift */; };
		AD306ADF25B95ED200CD8A45 /* MyHeaderClass.xib in Resources */ = {isa = PBXBuildFile; fileRef = AD306ADE25B95ED200CD8A45 /* MyHeaderClass.xib */; };
/* End PBXBuildFile section */

/* Begin PBXFileReference section */
		AD306A4925B656BC00CD8A45 /* Rizzle App.app */ = {isa = PBXFileReference; explicitFileType = wrapper.application; includeInIndex = 0; path = "Rizzle App.app"; sourceTree = BUILT_PRODUCTS_DIR; };
		AD306A5025B656BF00CD8A45 /* Assets.xcassets */ = {isa = PBXFileReference; lastKnownFileType = folder.assetcatalog; path = Assets.xcassets; sourceTree = "<group>"; };
		AD306A5325B656BF00CD8A45 /* Preview Assets.xcassets */ = {isa = PBXFileReference; lastKnownFileType = folder.assetcatalog; path = "Preview Assets.xcassets"; sourceTree = "<group>"; };
		AD306A5525B656BF00CD8A45 /* Info.plist */ = {isa = PBXFileReference; lastKnownFileType = text.plist.xml; path = Info.plist; sourceTree = "<group>"; };
		AD306A5C25B6581700CD8A45 /* AppDelegate.swift */ = {isa = PBXFileReference; lastKnownFileType = sourcecode.swift; path = AppDelegate.swift; sourceTree = "<group>"; };
		AD306A5F25B6583E00CD8A45 /* FeedViewController.swift */ = {isa = PBXFileReference; lastKnownFileType = sourcecode.swift; path = FeedViewController.swift; sourceTree = "<group>"; };
		AD306A6225B6588B00CD8A45 /* FeedViewModel.swift */ = {isa = PBXFileReference; lastKnownFileType = sourcecode.swift; path = FeedViewModel.swift; sourceTree = "<group>"; };
		AD306A6825B6594E00CD8A45 /* FeedCollectionViewManager.swift */ = {isa = PBXFileReference; lastKnownFileType = sourcecode.swift; path = FeedCollectionViewManager.swift; sourceTree = "<group>"; };
		AD306A6B25B6598400CD8A45 /* FeedCellViewModel.swift */ = {isa = PBXFileReference; lastKnownFileType = sourcecode.swift; path = FeedCellViewModel.swift; sourceTree = "<group>"; };
		AD306AA725B660D200CD8A45 /* GatherService.swift */ = {isa = PBXFileReference; lastKnownFileType = sourcecode.swift; path = GatherService.swift; sourceTree = "<group>"; };
		AD306AAA25B6630F00CD8A45 /* Feed.swift */ = {isa = PBXFileReference; lastKnownFileType = sourcecode.swift; path = Feed.swift; sourceTree = "<group>"; };
		AD306AAD25B6643500CD8A45 /* assignment.json */ = {isa = PBXFileReference; lastKnownFileType = text.json; path = assignment.json; sourceTree = "<group>"; };
		AD306ACA25B7825900CD8A45 /* FeedCollectionViewCell.swift */ = {isa = PBXFileReference; lastKnownFileType = sourcecode.swift; path = FeedCollectionViewCell.swift; sourceTree = "<group>"; };
		AD306ACB25B7825900CD8A45 /* FeedCollectionViewCell.xib */ = {isa = PBXFileReference; lastKnownFileType = file.xib; path = FeedCollectionViewCell.xib; sourceTree = "<group>"; };
		AD306ACF25B7886800CD8A45 /* realFeed.swift */ = {isa = PBXFileReference; lastKnownFileType = sourcecode.swift; path = realFeed.swift; sourceTree = "<group>"; };
		AD306AD225B7DD5D00CD8A45 /* Utilities.swift */ = {isa = PBXFileReference; lastKnownFileType = sourcecode.swift; path = Utilities.swift; sourceTree = "<group>"; };
		AD306ADA25B95E7800CD8A45 /* FeedCellHeaderCell.swift */ = {isa = PBXFileReference; lastKnownFileType = sourcecode.swift; path = FeedCellHeaderCell.swift; sourceTree = "<group>"; };
		AD306ADE25B95ED200CD8A45 /* MyHeaderClass.xib */ = {isa = PBXFileReference; lastKnownFileType = file.xib; path = MyHeaderClass.xib; sourceTree = "<group>"; };
/* End PBXFileReference section */

/* Begin PBXFrameworksBuildPhase section */
		AD306A4625B656BC00CD8A45 /* Frameworks */ = {
			isa = PBXFrameworksBuildPhase;
			buildActionMask = 2147483647;
			files = (
			);
			runOnlyForDeploymentPostprocessing = 0;
		};
/* End PBXFrameworksBuildPhase section */

/* Begin PBXGroup section */
		AD306A4025B656BC00CD8A45 = {
			isa = PBXGroup;
			children = (
				AD306A4B25B656BC00CD8A45 /* Rizzle App */,
				AD306A4A25B656BC00CD8A45 /* Products */,
			);
			sourceTree = "<group>";
		};
		AD306A4A25B656BC00CD8A45 /* Products */ = {
			isa = PBXGroup;
			children = (
				AD306A4925B656BC00CD8A45 /* Rizzle App.app */,
			);
			name = Products;
			sourceTree = "<group>";
		};
		AD306A4B25B656BC00CD8A45 /* Rizzle App */ = {
			isa = PBXGroup;
			children = (
				AD306A5C25B6581700CD8A45 /* AppDelegate.swift */,
				AD306A5F25B6583E00CD8A45 /* FeedViewController.swift */,
				AD306A6225B6588B00CD8A45 /* FeedViewModel.swift */,
				AD306AAA25B6630F00CD8A45 /* Feed.swift */,
				AD306ACF25B7886800CD8A45 /* realFeed.swift */,
				AD306AA725B660D200CD8A45 /* GatherService.swift */,
				AD306AD225B7DD5D00CD8A45 /* Utilities.swift */,
				AD306AAD25B6643500CD8A45 /* assignment.json */,
				AD306A6825B6594E00CD8A45 /* FeedCollectionViewManager.swift */,
				AD306ADA25B95E7800CD8A45 /* FeedCellHeaderCell.swift */,
				AD306ADE25B95ED200CD8A45 /* MyHeaderClass.xib */,
				AD306A6B25B6598400CD8A45 /* FeedCellViewModel.swift */,
				AD306ACA25B7825900CD8A45 /* FeedCollectionViewCell.swift */,
				AD306ACB25B7825900CD8A45 /* FeedCollectionViewCell.xib */,
				AD306A5025B656BF00CD8A45 /* Assets.xcassets */,
				AD306A5525B656BF00CD8A45 /* Info.plist */,
				AD306A5225B656BF00CD8A45 /* Preview Content */,
			);
			path = "Rizzle App";
			sourceTree = "<group>";
		};
		AD306A5225B656BF00CD8A45 /* Preview Content */ = {
			isa = PBXGroup;
			children = (
				AD306A5325B656BF00CD8A45 /* Preview Assets.xcassets */,
			);
			path = "Preview Content";
			sourceTree = "<group>";
		};
/* End PBXGroup section */

/* Begin PBXNativeTarget section */
		AD306A4825B656BC00CD8A45 /* Rizzle App */ = {
			isa = PBXNativeTarget;
			buildConfigurationList = AD306A5825B656BF00CD8A45 /* Build configuration list for PBXNativeTarget "Rizzle App" */;
			buildPhases = (
				AD306A4525B656BC00CD8A45 /* Sources */,
				AD306A4625B656BC00CD8A45 /* Frameworks */,
				AD306A4725B656BC00CD8A45 /* Resources */,
			);
			buildRules = (
			);
			dependencies = (
			);
			name = "Rizzle App";
			productName = "Rizzle App";
			productReference = AD306A4925B656BC00CD8A45 /* Rizzle App.app */;
			productType = "com.apple.product-type.application";
		};
/* End PBXNativeTarget section */

/* Begin PBXProject section */
		AD306A4125B656BC00CD8A45 /* Project object */ = {
			isa = PBXProject;
			attributes = {
				LastSwiftUpdateCheck = 1230;
				LastUpgradeCheck = 1230;
				TargetAttributes = {
					AD306A4825B656BC00CD8A45 = {
						CreatedOnToolsVersion = 12.3;
					};
				};
			};
			buildConfigurationList = AD306A4425B656BC00CD8A45 /* Build configuration list for PBXProject "Rizzle App" */;
			compatibilityVersion = "Xcode 9.3";
			developmentRegion = en;
			hasScannedForEncodings = 0;
			knownRegions = (
				en,
				Base,
			);
			mainGroup = AD306A4025B656BC00CD8A45;
			productRefGroup = AD306A4A25B656BC00CD8A45 /* Products */;
			projectDirPath = "";
			projectRoot = "";
			targets = (
				AD306A4825B656BC00CD8A45 /* Rizzle App */,
			);
		};
/* End PBXProject section */

/* Begin PBXResourcesBuildPhase section */
		AD306A4725B656BC00CD8A45 /* Resources */ = {
			isa = PBXResourcesBuildPhase;
			buildActionMask = 2147483647;
			files = (
				AD306ADF25B95ED200CD8A45 /* MyHeaderClass.xib in Resources */,
				AD306AAE25B6643500CD8A45 /* assignment.json in Resources */,
				AD306A5425B656BF00CD8A45 /* Preview Assets.xcassets in Resources */,
				AD306ACD25B7825900CD8A45 /* FeedCollectionViewCell.xib in Resources */,
				AD306A5125B656BF00CD8A45 /* Assets.xcassets in Resources */,
			);
			runOnlyForDeploymentPostprocessing = 0;
		};
/* End PBXResourcesBuildPhase section */

/* Begin PBXSourcesBuildPhase section */
		AD306A4525B656BC00CD8A45 /* Sources */ = {
			isa = PBXSourcesBuildPhase;
			buildActionMask = 2147483647;
			files = (
				AD306A6325B6588B00CD8A45 /* FeedViewModel.swift in Sources */,
				AD306AAB25B6630F00CD8A45 /* Feed.swift in Sources */,
				AD306ACC25B7825900CD8A45 /* FeedCollectionViewCell.swift in Sources */,
				AD306AA825B660D200CD8A45 /* GatherService.swift in Sources */,
				AD306A5D25B6581700CD8A45 /* AppDelegate.swift in Sources */,
				AD306A6C25B6598400CD8A45 /* FeedCellViewModel.swift in Sources */,
				AD306ADB25B95E7800CD8A45 /* FeedCellHeaderCell.swift in Sources */,
				AD306AD025B7886900CD8A45 /* realFeed.swift in Sources */,
				AD306A6925B6594E00CD8A45 /* FeedCollectionViewManager.swift in Sources */,
				AD306A6025B6583E00CD8A45 /* FeedViewController.swift in Sources */,
				AD306AD325B7DD5D00CD8A45 /* Utilities.swift in Sources */,
			);
			runOnlyForDeploymentPostprocessing = 0;
		};
/* End PBXSourcesBuildPhase section */

/* Begin XCBuildConfiguration section */
		AD306A5625B656BF00CD8A45 /* Debug */ = {
			isa = XCBuildConfiguration;
			buildSettings = {
				ALWAYS_SEARCH_USER_PATHS = NO;
				CLANG_ANALYZER_NONNULL = YES;
				CLANG_ANALYZER_NUMBER_OBJECT_CONVERSION = YES_AGGRESSIVE;
				CLANG_CXX_LANGUAGE_STANDARD = "gnu++14";
				CLANG_CXX_LIBRARY = "libc++";
				CLANG_ENABLE_MODULES = YES;
				CLANG_ENABLE_OBJC_ARC = YES;
				CLANG_ENABLE_OBJC_WEAK = YES;
				CLANG_WARN_BLOCK_CAPTURE_AUTORELEASING = YES;
				CLANG_WARN_BOOL_CONVERSION = YES;
				CLANG_WARN_COMMA = YES;
				CLANG_WARN_CONSTANT_CONVERSION = YES;
				CLANG_WARN_DEPRECATED_OBJC_IMPLEMENTATIONS = YES;
				CLANG_WARN_DIRECT_OBJC_ISA_USAGE = YES_ERROR;
				CLANG_WARN_DOCUMENTATION_COMMENTS = YES;
				CLANG_WARN_EMPTY_BODY = YES;
				CLANG_WARN_ENUM_CONVERSION = YES;
				CLANG_WARN_INFINITE_RECURSION = YES;
				CLANG_WARN_INT_CONVERSION = YES;
				CLANG_WARN_NON_LITERAL_NULL_CONVERSION = YES;
				CLANG_WARN_OBJC_IMPLICIT_RETAIN_SELF = YES;
				CLANG_WARN_OBJC_LITERAL_CONVERSION = YES;
				CLANG_WARN_OBJC_ROOT_CLASS = YES_ERROR;
				CLANG_WARN_QUOTED_INCLUDE_IN_FRAMEWORK_HEADER = YES;
				CLANG_WARN_RANGE_LOOP_ANALYSIS = YES;
				CLANG_WARN_STRICT_PROTOTYPES = YES;
				CLANG_WARN_SUSPICIOUS_MOVE = YES;
				CLANG_WARN_UNGUARDED_AVAILABILITY = YES_AGGRESSIVE;
				CLANG_WARN_UNREACHABLE_CODE = YES;
				CLANG_WARN__DUPLICATE_METHOD_MATCH = YES;
				COPY_PHASE_STRIP = NO;
				DEBUG_INFORMATION_FORMAT = dwarf;
				ENABLE_STRICT_OBJC_MSGSEND = YES;
				ENABLE_TESTABILITY = YES;
				GCC_C_LANGUAGE_STANDARD = gnu11;
				GCC_DYNAMIC_NO_PIC = NO;
				GCC_NO_COMMON_BLOCKS = YES;
				GCC_OPTIMIZATION_LEVEL = 0;
				GCC_PREPROCESSOR_DEFINITIONS = (
					"DEBUG=1",
					"$(inherited)",
				);
				GCC_WARN_64_TO_32_BIT_CONVERSION = YES;
				GCC_WARN_ABOUT_RETURN_TYPE = YES_ERROR;
				GCC_WARN_UNDECLARED_SELECTOR = YES;
				GCC_WARN_UNINITIALIZED_AUTOS = YES_AGGRESSIVE;
				GCC_WARN_UNUSED_FUNCTION = YES;
				GCC_WARN_UNUSED_VARIABLE = YES;
				IPHONEOS_DEPLOYMENT_TARGET = 14.3;
				MTL_ENABLE_DEBUG_INFO = INCLUDE_SOURCE;
				MTL_FAST_MATH = YES;
				ONLY_ACTIVE_ARCH = YES;
				SDKROOT = iphoneos;
				SWIFT_ACTIVE_COMPILATION_CONDITIONS = DEBUG;
				SWIFT_OPTIMIZATION_LEVEL = "-Onone";
			};
			name = Debug;
		};
		AD306A5725B656BF00CD8A45 /* Release */ = {
			isa = XCBuildConfiguration;
			buildSettings = {
				ALWAYS_SEARCH_USER_PATHS = NO;
				CLANG_ANALYZER_NONNULL = YES;
				CLANG_ANALYZER_NUMBER_OBJECT_CONVERSION = YES_AGGRESSIVE;
				CLANG_CXX_LANGUAGE_STANDARD = "gnu++14";
				CLANG_CXX_LIBRARY = "libc++";
				CLANG_ENABLE_MODULES = YES;
				CLANG_ENABLE_OBJC_ARC = YES;
				CLANG_ENABLE_OBJC_WEAK = YES;
				CLANG_WARN_BLOCK_CAPTURE_AUTORELEASING = YES;
				CLANG_WARN_BOOL_CONVERSION = YES;
				CLANG_WARN_COMMA = YES;
				CLANG_WARN_CONSTANT_CONVERSION = YES;
				CLANG_WARN_DEPRECATED_OBJC_IMPLEMENTATIONS = YES;
				CLANG_WARN_DIRECT_OBJC_ISA_USAGE = YES_ERROR;
				CLANG_WARN_DOCUMENTATION_COMMENTS = YES;
				CLANG_WARN_EMPTY_BODY = YES;
				CLANG_WARN_ENUM_CONVERSION = YES;
				CLANG_WARN_INFINITE_RECURSION = YES;
				CLANG_WARN_INT_CONVERSION = YES;
				CLANG_WARN_NON_LITERAL_NULL_CONVERSION = YES;
				CLANG_WARN_OBJC_IMPLICIT_RETAIN_SELF = YES;
				CLANG_WARN_OBJC_LITERAL_CONVERSION = YES;
				CLANG_WARN_OBJC_ROOT_CLASS = YES_ERROR;
				CLANG_WARN_QUOTED_INCLUDE_IN_FRAMEWORK_HEADER = YES;
				CLANG_WARN_RANGE_LOOP_ANALYSIS = YES;
				CLANG_WARN_STRICT_PROTOTYPES = YES;
				CLANG_WARN_SUSPICIOUS_MOVE = YES;
				CLANG_WARN_UNGUARDED_AVAILABILITY = YES_AGGRESSIVE;
				CLANG_WARN_UNREACHABLE_CODE = YES;
				CLANG_WARN__DUPLICATE_METHOD_MATCH = YES;
				COPY_PHASE_STRIP = NO;
				DEBUG_INFORMATION_FORMAT = "dwarf-with-dsym";
				ENABLE_NS_ASSERTIONS = NO;
				ENABLE_STRICT_OBJC_MSGSEND = YES;
				GCC_C_LANGUAGE_STANDARD = gnu11;
				GCC_NO_COMMON_BLOCKS = YES;
				GCC_WARN_64_TO_32_BIT_CONVERSION = YES;
				GCC_WARN_ABOUT_RETURN_TYPE = YES_ERROR;
				GCC_WARN_UNDECLARED_SELECTOR = YES;
				GCC_WARN_UNINITIALIZED_AUTOS = YES_AGGRESSIVE;
				GCC_WARN_UNUSED_FUNCTION = YES;
				GCC_WARN_UNUSED_VARIABLE = YES;
				IPHONEOS_DEPLOYMENT_TARGET = 14.3;
				MTL_ENABLE_DEBUG_INFO = NO;
				MTL_FAST_MATH = YES;
				SDKROOT = iphoneos;
				SWIFT_COMPILATION_MODE = wholemodule;
				SWIFT_OPTIMIZATION_LEVEL = "-O";
				VALIDATE_PRODUCT = YES;
			};
			name = Release;
		};
		AD306A5925B656BF00CD8A45 /* Debug */ = {
			isa = XCBuildConfiguration;
			buildSettings = {
				ASSETCATALOG_COMPILER_APPICON_NAME = AppIcon;
				ASSETCATALOG_COMPILER_GLOBAL_ACCENT_COLOR_NAME = AccentColor;
				CODE_SIGN_STYLE = Automatic;
				DEVELOPMENT_ASSET_PATHS = "\"Rizzle App/Preview Content\"";
				DEVELOPMENT_TEAM = 55FS74UE25;
				ENABLE_PREVIEWS = YES;
				INFOPLIST_FILE = "Rizzle App/Info.plist";
				IPHONEOS_DEPLOYMENT_TARGET = 14.0;
				LD_RUNPATH_SEARCH_PATHS = (
					"$(inherited)",
					"@executable_path/Frameworks",
				);
				PRODUCT_BUNDLE_IDENTIFIER = "com.johnny.Rizzle-App";
				PRODUCT_NAME = "$(TARGET_NAME)";
				SWIFT_VERSION = 5.0;
				TARGETED_DEVICE_FAMILY = "1,2";
			};
			name = Debug;
		};
		AD306A5A25B656BF00CD8A45 /* Release */ = {
			isa = XCBuildConfiguration;
			buildSettings = {
				ASSETCATALOG_COMPILER_APPICON_NAME = AppIcon;
				ASSETCATALOG_COMPILER_GLOBAL_ACCENT_COLOR_NAME = AccentColor;
				CODE_SIGN_STYLE = Automatic;
				DEVELOPMENT_ASSET_PATHS = "\"Rizzle App/Preview Content\"";
				DEVELOPMENT_TEAM = 55FS74UE25;
				ENABLE_PREVIEWS = YES;
				INFOPLIST_FILE = "Rizzle App/Info.plist";
				IPHONEOS_DEPLOYMENT_TARGET = 14.0;
				LD_RUNPATH_SEARCH_PATHS = (
					"$(inherited)",
					"@executable_path/Frameworks",
				);
				PRODUCT_BUNDLE_IDENTIFIER = "com.johnny.Rizzle-App";
				PRODUCT_NAME = "$(TARGET_NAME)";
				SWIFT_VERSION = 5.0;
				TARGETED_DEVICE_FAMILY = "1,2";
			};
			name = Release;
		};
/* End XCBuildConfiguration section */

/* Begin XCConfigurationList section */
		AD306A4425B656BC00CD8A45 /* Build configuration list for PBXProject "Rizzle App" */ = {
			isa = XCConfigurationList;
			buildConfigurations = (
				AD306A5625B656BF00CD8A45 /* Debug */,
				AD306A5725B656BF00CD8A45 /* Release */,
			);
			defaultConfigurationIsVisible = 0;
			defaultConfigurationName = Release;
		};
		AD306A5825B656BF00CD8A45 /* Build configuration list for PBXNativeTarget "Rizzle App" */ = {
			isa = XCConfigurationList;
			buildConfigurations = (
				AD306A5925B656BF00CD8A45 /* Debug */,
				AD306A5A25B656BF00CD8A45 /* Release */,
			);
			defaultConfigurationIsVisible = 0;
			defaultConfigurationName = Release;
		};
/* End XCConfigurationList section */
	};
	rootObject = AD306A4125B656BC00CD8A45 /* Project object */;
}
